{"packages":{"bot":{"version":"0.10.0-dev","source":"git","description":{"url":"https://github.com/kevmoo/bot.dart.git","ref":null,"resolved-ref":"f08eb44c123faf621a96c570cb72b65705673c1a"}},"logging":{"version":"0.2.9+7","source":"hosted","description":"logging"},"args":{"version":"0.2.9+7","source":"hosted","description":"args"},"unittest":{"version":"0.2.9+7","source":"hosted","description":"unittest"},"meta":{"version":"0.2.9+7","source":"hosted","description":"meta"}}}