{"packages":{"unittest":{"version":"0.0.0-r.15049","source":"sdk","description":"unittest"},"bot":{"version":"0.6.0","source":"git","description":{"url":"https://github.com/kevmoo/bot.dart.git","ref":"master","resolved-ref":"48eb91ff42b817812a538a314a5fc0095df8769b"}},"args":{"version":"0.0.0-r.15049","source":"sdk","description":"args"}}}