{"packages":{"hop":{"version":"0.3.0","source":"git","description":{"url":"https://github.com/kevmoo/hop.dart.git","ref":"master","resolved-ref":"acce69514799c35d46b225073dd0bd06cde97907"}},"unittest":{"version":"0.0.0-r.14649","source":"sdk","description":"unittest"},"bot":{"version":"0.6.0","source":"git","description":{"url":"https://github.com/kevmoo/bot.dart.git","ref":"master","resolved-ref":"63050c005439b71ad2e8684e12ef8bf9cc800882"}},"args":{"version":"0.0.0-r.14649","source":"sdk","description":"args"}}}